
Microsoft Visual Studio Solution File, Format Version 12.00
# Visual Studio Version 16
VisualStudioVersion = 16.0.31019.35
MinimumVisualStudioVersion = 10.0.40219.1
Project("{FAE04EC0-301F-11D3-BF4B-00C04F79EFBC}") = "ElToko", "ElToko\ElToko.csproj", "{A0AD6BF5-A420-470A-B683-A747C78F857B}"
EndProject
Global
	GlobalSection(SolutionConfigurationPlatforms) = preSolution
		Debug|Any CPU = Debug|Any CPU
		Release|Any CPU = Release|Any CPU
	EndGlobalSection
	GlobalSection(ProjectConfigurationPlatforms) = postSolution
		{A0AD6BF5-A420-470A-B683-A747C78F857B}.Debug|Any CPU.ActiveCfg = Debug|Any CPU
		{A0AD6BF5-A420-470A-B683-A747C78F857B}.Debug|Any CPU.Build.0 = Debug|Any CPU
		{A0AD6BF5-A420-470A-B683-A747C78F857B}.Release|Any CPU.ActiveCfg = Release|Any CPU
		{A0AD6BF5-A420-470A-B683-A747C78F857B}.Release|Any CPU.Build.0 = Release|Any CPU
	EndGlobalSection
	GlobalSection(SolutionProperties) = preSolution
		HideSolutionNode = FALSE
	EndGlobalSection
	GlobalSection(ExtensibilityGlobals) = postSolution
		SolutionGuid = {0662EB1E-69F9-427D-A868-A780392445CA}
	EndGlobalSection
EndGlobal
